
Microsoft Visual Studio Solution File, Format Version 12.00
# Visual Studio Version 17
VisualStudioVersion = 17.11.35431.28
MinimumVisualStudioVersion = 10.0.40219.1
Project("{FAE04EC0-301F-11D3-BF4B-00C04F79EFBC}") = "PeppolCrawlerApp", "PeppolCrawlerApp\PeppolCrawlerApp.csproj", "{ECAD6171-E07F-4102-8F90-616AB394D521}"
EndProject
Global
	GlobalSection(SolutionConfigurationPlatforms) = preSolution
		Debug|Any CPU = Debug|Any CPU
		Release|Any CPU = Release|Any CPU
	EndGlobalSection
	GlobalSection(ProjectConfigurationPlatforms) = postSolution
		{ECAD6171-E07F-4102-8F90-616AB394D521}.Debug|Any CPU.ActiveCfg = Debug|Any CPU
		{ECAD6171-E07F-4102-8F90-616AB394D521}.Debug|Any CPU.Build.0 = Debug|Any CPU
		{ECAD6171-E07F-4102-8F90-616AB394D521}.Release|Any CPU.ActiveCfg = Release|Any CPU
		{ECAD6171-E07F-4102-8F90-616AB394D521}.Release|Any CPU.Build.0 = Release|Any CPU
	EndGlobalSection
	GlobalSection(SolutionProperties) = preSolution
		HideSolutionNode = FALSE
	EndGlobalSection
	GlobalSection(ExtensibilityGlobals) = postSolution
		SolutionGuid = {2D38DF55-77E5-41D1-93B6-B9040413F03F}
	EndGlobalSection
EndGlobal
